
Microsoft Visual Studio Solution File, Format Version 12.00
# Visual Studio Version 16
VisualStudioVersion = 16.0.31424.327
MinimumVisualStudioVersion = 10.0.40219.1
Project("{FAE04EC0-301F-11D3-BF4B-00C04F79EFBC}") = "Trainig.MVC", "Trainig.MVC\Trainig.MVC.csproj", "{3E5559B9-D29B-433F-95D8-97049B983A27}"
EndProject
Global
	GlobalSection(SolutionConfigurationPlatforms) = preSolution
		Debug|Any CPU = Debug|Any CPU
		Release|Any CPU = Release|Any CPU
	EndGlobalSection
	GlobalSection(ProjectConfigurationPlatforms) = postSolution
		{3E5559B9-D29B-433F-95D8-97049B983A27}.Debug|Any CPU.ActiveCfg = Debug|Any CPU
		{3E5559B9-D29B-433F-95D8-97049B983A27}.Debug|Any CPU.Build.0 = Debug|Any CPU
		{3E5559B9-D29B-433F-95D8-97049B983A27}.Release|Any CPU.ActiveCfg = Release|Any CPU
		{3E5559B9-D29B-433F-95D8-97049B983A27}.Release|Any CPU.Build.0 = Release|Any CPU
	EndGlobalSection
	GlobalSection(SolutionProperties) = preSolution
		HideSolutionNode = FALSE
	EndGlobalSection
	GlobalSection(ExtensibilityGlobals) = postSolution
		SolutionGuid = {542B9A88-53A0-445A-BFC4-833EBE86D50C}
	EndGlobalSection
EndGlobal
